// !$*UTF8*$!
{
	archiveVersion = 1;
	classes = {
	};
	objectVersion = 50;
	objects = {

/* Begin PBXBuildFile section */
		3C0FC89A238247CC00055141 /* AppDelegate.swift in Sources */ = {isa = PBXBuildFile; fileRef = 3C0FC899238247CC00055141 /* AppDelegate.swift */; };
		3C0FC89C238247CC00055141 /* SceneDelegate.swift in Sources */ = {isa = PBXBuildFile; fileRef = 3C0FC89B238247CC00055141 /* SceneDelegate.swift */; };
		3C0FC89E238247CC00055141 /* ViewController.swift in Sources */ = {isa = PBXBuildFile; fileRef = 3C0FC89D238247CC00055141 /* ViewController.swift */; };
		3C0FC8A1238247CC00055141 /* Main.storyboard in Resources */ = {isa = PBXBuildFile; fileRef = 3C0FC89F238247CC00055141 /* Main.storyboard */; };
		3C0FC8A3238247CD00055141 /* Assets.xcassets in Resources */ = {isa = PBXBuildFile; fileRef = 3C0FC8A2238247CD00055141 /* Assets.xcassets */; };
		3C0FC8A6238247CD00055141 /* LaunchScreen.storyboard in Resources */ = {isa = PBXBuildFile; fileRef = 3C0FC8A4238247CD00055141 /* LaunchScreen.storyboard */; };
		3C60BCC323BB2E86003E8F6F /* Assets.xcassets in Resources */ = {isa = PBXBuildFile; fileRef = 3C0FC8A2238247CD00055141 /* Assets.xcassets */; };
		3C829CE12383D5EE008C3475 /* WebKit.framework in Frameworks */ = {isa = PBXBuildFile; fileRef = 3C829CE02383D5EE008C3475 /* WebKit.framework */; };
		3C88956123B71C79002557E0 /* NotificationCenter.framework in Frameworks */ = {isa = PBXBuildFile; fileRef = 3C88956023B71C79002557E0 /* NotificationCenter.framework */; };
		3C88956423B71C79002557E0 /* TodayViewController.swift in Sources */ = {isa = PBXBuildFile; fileRef = 3C88956323B71C79002557E0 /* TodayViewController.swift */; };
		3C88956723B71C79002557E0 /* MainInterface.storyboard in Resources */ = {isa = PBXBuildFile; fileRef = 3C88956523B71C79002557E0 /* MainInterface.storyboard */; };
		3C88956B23B71C79002557E0 /* todayTimeTable.appex in Embed App Extensions */ = {isa = PBXBuildFile; fileRef = 3C88955F23B71C79002557E0 /* todayTimeTable.appex */; settings = {ATTRIBUTES = (RemoveHeadersOnCopy, ); }; };
		3CCF54322382FB6F00149E44 /* sp.js in Resources */ = {isa = PBXBuildFile; fileRef = 3CCF54312382FB6E00149E44 /* sp.js */; };
		3CE721622383A26600363500 /* Twintelogo-color.png in Resources */ = {isa = PBXBuildFile; fileRef = 3CE721612383A26600363500 /* Twintelogo-color.png */; };
		3CE721682383B42B00363500 /* SecondViewController.swift in Sources */ = {isa = PBXBuildFile; fileRef = 3CE721672383B42B00363500 /* SecondViewController.swift */; };
/* End PBXBuildFile section */

/* Begin PBXContainerItemProxy section */
		3C88956923B71C79002557E0 /* PBXContainerItemProxy */ = {
			isa = PBXContainerItemProxy;
			containerPortal = 3C0FC88E238247CC00055141 /* Project object */;
			proxyType = 1;
			remoteGlobalIDString = 3C88955E23B71C79002557E0;
			remoteInfo = todayTimeTable;
		};
/* End PBXContainerItemProxy section */

/* Begin PBXCopyFilesBuildPhase section */
		3C88956C23B71C79002557E0 /* Embed App Extensions */ = {
			isa = PBXCopyFilesBuildPhase;
			buildActionMask = 2147483647;
			dstPath = "";
			dstSubfolderSpec = 13;
			files = (
				3C88956B23B71C79002557E0 /* todayTimeTable.appex in Embed App Extensions */,
			);
			name = "Embed App Extensions";
			runOnlyForDeploymentPostprocessing = 0;
		};
/* End PBXCopyFilesBuildPhase section */

/* Begin PBXFileReference section */
		3C0FC896238247CC00055141 /* Twin:te.app */ = {isa = PBXFileReference; explicitFileType = wrapper.application; includeInIndex = 0; path = "Twin:te.app"; sourceTree = BUILT_PRODUCTS_DIR; };
		3C0FC899238247CC00055141 /* AppDelegate.swift */ = {isa = PBXFileReference; lastKnownFileType = sourcecode.swift; path = AppDelegate.swift; sourceTree = "<group>"; };
		3C0FC89B238247CC00055141 /* SceneDelegate.swift */ = {isa = PBXFileReference; lastKnownFileType = sourcecode.swift; path = SceneDelegate.swift; sourceTree = "<group>"; };
		3C0FC89D238247CC00055141 /* ViewController.swift */ = {isa = PBXFileReference; lastKnownFileType = sourcecode.swift; path = ViewController.swift; sourceTree = "<group>"; };
		3C0FC8A0238247CC00055141 /* Base */ = {isa = PBXFileReference; lastKnownFileType = file.storyboard; name = Base; path = Base.lproj/Main.storyboard; sourceTree = "<group>"; };
		3C0FC8A2238247CD00055141 /* Assets.xcassets */ = {isa = PBXFileReference; lastKnownFileType = folder.assetcatalog; path = Assets.xcassets; sourceTree = "<group>"; };
		3C0FC8A5238247CD00055141 /* Base */ = {isa = PBXFileReference; lastKnownFileType = file.storyboard; name = Base; path = Base.lproj/LaunchScreen.storyboard; sourceTree = "<group>"; };
		3C0FC8A7238247CD00055141 /* Info.plist */ = {isa = PBXFileReference; lastKnownFileType = text.plist.xml; path = Info.plist; sourceTree = "<group>"; };
		3C829CE02383D5EE008C3475 /* WebKit.framework */ = {isa = PBXFileReference; lastKnownFileType = wrapper.framework; name = WebKit.framework; path = System/Library/Frameworks/WebKit.framework; sourceTree = SDKROOT; };
		3C88955F23B71C79002557E0 /* todayTimeTable.appex */ = {isa = PBXFileReference; explicitFileType = "wrapper.app-extension"; includeInIndex = 0; path = todayTimeTable.appex; sourceTree = BUILT_PRODUCTS_DIR; };
		3C88956023B71C79002557E0 /* NotificationCenter.framework */ = {isa = PBXFileReference; lastKnownFileType = wrapper.framework; name = NotificationCenter.framework; path = System/Library/Frameworks/NotificationCenter.framework; sourceTree = SDKROOT; };
		3C88956323B71C79002557E0 /* TodayViewController.swift */ = {isa = PBXFileReference; lastKnownFileType = sourcecode.swift; path = TodayViewController.swift; sourceTree = "<group>"; };
		3C88956623B71C79002557E0 /* Base */ = {isa = PBXFileReference; lastKnownFileType = file.storyboard; name = Base; path = Base.lproj/MainInterface.storyboard; sourceTree = "<group>"; };
		3C88956823B71C79002557E0 /* Info.plist */ = {isa = PBXFileReference; lastKnownFileType = text.plist.xml; path = Info.plist; sourceTree = "<group>"; };
		3C88957023B72039002557E0 /* Twin:te.entitlements */ = {isa = PBXFileReference; lastKnownFileType = text.plist.entitlements; path = "Twin:te.entitlements"; sourceTree = "<group>"; };
		3C88957123B72080002557E0 /* todayTimeTable.entitlements */ = {isa = PBXFileReference; lastKnownFileType = text.plist.entitlements; path = todayTimeTable.entitlements; sourceTree = "<group>"; };
		3CCF54312382FB6E00149E44 /* sp.js */ = {isa = PBXFileReference; fileEncoding = 4; lastKnownFileType = sourcecode.javascript; path = sp.js; sourceTree = "<group>"; };
		3CE721612383A26600363500 /* Twintelogo-color.png */ = {isa = PBXFileReference; lastKnownFileType = image.png; path = "Twintelogo-color.png"; sourceTree = "<group>"; };
		3CE721672383B42B00363500 /* SecondViewController.swift */ = {isa = PBXFileReference; lastKnownFileType = sourcecode.swift; path = SecondViewController.swift; sourceTree = "<group>"; };
/* End PBXFileReference section */

/* Begin PBXFrameworksBuildPhase section */
		3C0FC893238247CC00055141 /* Frameworks */ = {
			isa = PBXFrameworksBuildPhase;
			buildActionMask = 2147483647;
			files = (
				3C829CE12383D5EE008C3475 /* WebKit.framework in Frameworks */,
			);
			runOnlyForDeploymentPostprocessing = 0;
		};
		3C88955C23B71C79002557E0 /* Frameworks */ = {
			isa = PBXFrameworksBuildPhase;
			buildActionMask = 2147483647;
			files = (
				3C88956123B71C79002557E0 /* NotificationCenter.framework in Frameworks */,
			);
			runOnlyForDeploymentPostprocessing = 0;
		};
/* End PBXFrameworksBuildPhase section */

/* Begin PBXGroup section */
		3C0FC88D238247CC00055141 = {
			isa = PBXGroup;
			children = (
				3C0FC898238247CC00055141 /* Twinte */,
				3C88956223B71C79002557E0 /* todayTimeTable */,
				3C0FC897238247CC00055141 /* Products */,
				3CCF54312382FB6E00149E44 /* sp.js */,
				3C829CDF2383D5EE008C3475 /* Frameworks */,
			);
			sourceTree = "<group>";
		};
		3C0FC897238247CC00055141 /* Products */ = {
			isa = PBXGroup;
			children = (
				3C0FC896238247CC00055141 /* Twin:te.app */,
				3C88955F23B71C79002557E0 /* todayTimeTable.appex */,
			);
			name = Products;
			sourceTree = "<group>";
		};
		3C0FC898238247CC00055141 /* Twinte */ = {
			isa = PBXGroup;
			children = (
				3C88957023B72039002557E0 /* Twin:te.entitlements */,
				3C0FC899238247CC00055141 /* AppDelegate.swift */,
				3CE721672383B42B00363500 /* SecondViewController.swift */,
				3C0FC89B238247CC00055141 /* SceneDelegate.swift */,
				3C0FC89D238247CC00055141 /* ViewController.swift */,
				3CE721612383A26600363500 /* Twintelogo-color.png */,
				3C0FC89F238247CC00055141 /* Main.storyboard */,
				3C0FC8A2238247CD00055141 /* Assets.xcassets */,
				3C0FC8A4238247CD00055141 /* LaunchScreen.storyboard */,
				3C0FC8A7238247CD00055141 /* Info.plist */,
			);
			path = Twinte;
			sourceTree = "<group>";
		};
		3C829CDF2383D5EE008C3475 /* Frameworks */ = {
			isa = PBXGroup;
			children = (
				3C829CE02383D5EE008C3475 /* WebKit.framework */,
				3C88956023B71C79002557E0 /* NotificationCenter.framework */,
			);
			name = Frameworks;
			sourceTree = "<group>";
		};
		3C88956223B71C79002557E0 /* todayTimeTable */ = {
			isa = PBXGroup;
			children = (
				3C88957123B72080002557E0 /* todayTimeTable.entitlements */,
				3C88956323B71C79002557E0 /* TodayViewController.swift */,
				3C88956523B71C79002557E0 /* MainInterface.storyboard */,
				3C88956823B71C79002557E0 /* Info.plist */,
			);
			path = todayTimeTable;
			sourceTree = "<group>";
		};
/* End PBXGroup section */

/* Begin PBXNativeTarget section */
		3C0FC895238247CC00055141 /* Twinte */ = {
			isa = PBXNativeTarget;
			buildConfigurationList = 3C0FC8AA238247CD00055141 /* Build configuration list for PBXNativeTarget "Twinte" */;
			buildPhases = (
				3C0FC892238247CC00055141 /* Sources */,
				3C0FC893238247CC00055141 /* Frameworks */,
				3C0FC894238247CC00055141 /* Resources */,
				3C88956C23B71C79002557E0 /* Embed App Extensions */,
			);
			buildRules = (
			);
			dependencies = (
				3C88956A23B71C79002557E0 /* PBXTargetDependency */,
			);
			name = Twinte;
			productName = Twinte;
			productReference = 3C0FC896238247CC00055141 /* Twin:te.app */;
			productType = "com.apple.product-type.application";
		};
		3C88955E23B71C79002557E0 /* todayTimeTable */ = {
			isa = PBXNativeTarget;
			buildConfigurationList = 3C88956F23B71C79002557E0 /* Build configuration list for PBXNativeTarget "todayTimeTable" */;
			buildPhases = (
				3C88955B23B71C79002557E0 /* Sources */,
				3C88955C23B71C79002557E0 /* Frameworks */,
				3C88955D23B71C79002557E0 /* Resources */,
			);
			buildRules = (
			);
			dependencies = (
			);
			name = todayTimeTable;
			productName = todayTimeTable;
			productReference = 3C88955F23B71C79002557E0 /* todayTimeTable.appex */;
			productType = "com.apple.product-type.app-extension";
		};
/* End PBXNativeTarget section */

/* Begin PBXProject section */
		3C0FC88E238247CC00055141 /* Project object */ = {
			isa = PBXProject;
			attributes = {
				LastSwiftUpdateCheck = 1130;
				LastUpgradeCheck = 1120;
				ORGANIZATIONNAME = tako;
				TargetAttributes = {
					3C0FC895238247CC00055141 = {
						CreatedOnToolsVersion = 11.2.1;
					};
					3C88955E23B71C79002557E0 = {
						CreatedOnToolsVersion = 11.3;
					};
				};
			};
			buildConfigurationList = 3C0FC891238247CC00055141 /* Build configuration list for PBXProject "Twinte" */;
			compatibilityVersion = "Xcode 9.3";
			developmentRegion = en;
			hasScannedForEncodings = 0;
			knownRegions = (
				en,
				Base,
			);
			mainGroup = 3C0FC88D238247CC00055141;
			productRefGroup = 3C0FC897238247CC00055141 /* Products */;
			projectDirPath = "";
			projectRoot = "";
			targets = (
				3C0FC895238247CC00055141 /* Twinte */,
				3C88955E23B71C79002557E0 /* todayTimeTable */,
			);
		};
/* End PBXProject section */

/* Begin PBXResourcesBuildPhase section */
		3C0FC894238247CC00055141 /* Resources */ = {
			isa = PBXResourcesBuildPhase;
			buildActionMask = 2147483647;
			files = (
				3C0FC8A6238247CD00055141 /* LaunchScreen.storyboard in Resources */,
				3CE721622383A26600363500 /* Twintelogo-color.png in Resources */,
				3C0FC8A3238247CD00055141 /* Assets.xcassets in Resources */,
				3C0FC8A1238247CC00055141 /* Main.storyboard in Resources */,
				3CCF54322382FB6F00149E44 /* sp.js in Resources */,
			);
			runOnlyForDeploymentPostprocessing = 0;
		};
		3C88955D23B71C79002557E0 /* Resources */ = {
			isa = PBXResourcesBuildPhase;
			buildActionMask = 2147483647;
			files = (
				3C60BCC323BB2E86003E8F6F /* Assets.xcassets in Resources */,
				3C88956723B71C79002557E0 /* MainInterface.storyboard in Resources */,
			);
			runOnlyForDeploymentPostprocessing = 0;
		};
/* End PBXResourcesBuildPhase section */

/* Begin PBXSourcesBuildPhase section */
		3C0FC892238247CC00055141 /* Sources */ = {
			isa = PBXSourcesBuildPhase;
			buildActionMask = 2147483647;
			files = (
				3CE721682383B42B00363500 /* SecondViewController.swift in Sources */,
				3C0FC89E238247CC00055141 /* ViewController.swift in Sources */,
				3C0FC89A238247CC00055141 /* AppDelegate.swift in Sources */,
				3C0FC89C238247CC00055141 /* SceneDelegate.swift in Sources */,
			);
			runOnlyForDeploymentPostprocessing = 0;
		};
		3C88955B23B71C79002557E0 /* Sources */ = {
			isa = PBXSourcesBuildPhase;
			buildActionMask = 2147483647;
			files = (
				3C88956423B71C79002557E0 /* TodayViewController.swift in Sources */,
			);
			runOnlyForDeploymentPostprocessing = 0;
		};
/* End PBXSourcesBuildPhase section */

/* Begin PBXTargetDependency section */
		3C88956A23B71C79002557E0 /* PBXTargetDependency */ = {
			isa = PBXTargetDependency;
			target = 3C88955E23B71C79002557E0 /* todayTimeTable */;
			targetProxy = 3C88956923B71C79002557E0 /* PBXContainerItemProxy */;
		};
/* End PBXTargetDependency section */

/* Begin PBXVariantGroup section */
		3C0FC89F238247CC00055141 /* Main.storyboard */ = {
			isa = PBXVariantGroup;
			children = (
				3C0FC8A0238247CC00055141 /* Base */,
			);
			name = Main.storyboard;
			sourceTree = "<group>";
		};
		3C0FC8A4238247CD00055141 /* LaunchScreen.storyboard */ = {
			isa = PBXVariantGroup;
			children = (
				3C0FC8A5238247CD00055141 /* Base */,
			);
			name = LaunchScreen.storyboard;
			sourceTree = "<group>";
		};
		3C88956523B71C79002557E0 /* MainInterface.storyboard */ = {
			isa = PBXVariantGroup;
			children = (
				3C88956623B71C79002557E0 /* Base */,
			);
			name = MainInterface.storyboard;
			sourceTree = "<group>";
		};
/* End PBXVariantGroup section */

/* Begin XCBuildConfiguration section */
		3C0FC8A8238247CD00055141 /* Debug */ = {
			isa = XCBuildConfiguration;
			buildSettings = {
				ALWAYS_SEARCH_USER_PATHS = NO;
				CLANG_ANALYZER_NONNULL = YES;
				CLANG_ANALYZER_NUMBER_OBJECT_CONVERSION = YES_AGGRESSIVE;
				CLANG_CXX_LANGUAGE_STANDARD = "gnu++14";
				CLANG_CXX_LIBRARY = "libc++";
				CLANG_ENABLE_MODULES = YES;
				CLANG_ENABLE_OBJC_ARC = YES;
				CLANG_ENABLE_OBJC_WEAK = YES;
				CLANG_WARN_BLOCK_CAPTURE_AUTORELEASING = YES;
				CLANG_WARN_BOOL_CONVERSION = YES;
				CLANG_WARN_COMMA = YES;
				CLANG_WARN_CONSTANT_CONVERSION = YES;
				CLANG_WARN_DEPRECATED_OBJC_IMPLEMENTATIONS = YES;
				CLANG_WARN_DIRECT_OBJC_ISA_USAGE = YES_ERROR;
				CLANG_WARN_DOCUMENTATION_COMMENTS = YES;
				CLANG_WARN_EMPTY_BODY = YES;
				CLANG_WARN_ENUM_CONVERSION = YES;
				CLANG_WARN_INFINITE_RECURSION = YES;
				CLANG_WARN_INT_CONVERSION = YES;
				CLANG_WARN_NON_LITERAL_NULL_CONVERSION = YES;
				CLANG_WARN_OBJC_IMPLICIT_RETAIN_SELF = YES;
				CLANG_WARN_OBJC_LITERAL_CONVERSION = YES;
				CLANG_WARN_OBJC_ROOT_CLASS = YES_ERROR;
				CLANG_WARN_RANGE_LOOP_ANALYSIS = YES;
				CLANG_WARN_STRICT_PROTOTYPES = YES;
				CLANG_WARN_SUSPICIOUS_MOVE = YES;
				CLANG_WARN_UNGUARDED_AVAILABILITY = YES_AGGRESSIVE;
				CLANG_WARN_UNREACHABLE_CODE = YES;
				CLANG_WARN__DUPLICATE_METHOD_MATCH = YES;
				COPY_PHASE_STRIP = NO;
				DEBUG_INFORMATION_FORMAT = dwarf;
				ENABLE_STRICT_OBJC_MSGSEND = YES;
				ENABLE_TESTABILITY = YES;
				GCC_C_LANGUAGE_STANDARD = gnu11;
				GCC_DYNAMIC_NO_PIC = NO;
				GCC_NO_COMMON_BLOCKS = YES;
				GCC_OPTIMIZATION_LEVEL = 0;
				GCC_PREPROCESSOR_DEFINITIONS = (
					"DEBUG=1",
					"$(inherited)",
				);
				GCC_WARN_64_TO_32_BIT_CONVERSION = YES;
				GCC_WARN_ABOUT_RETURN_TYPE = YES_ERROR;
				GCC_WARN_UNDECLARED_SELECTOR = YES;
				GCC_WARN_UNINITIALIZED_AUTOS = YES_AGGRESSIVE;
				GCC_WARN_UNUSED_FUNCTION = YES;
				GCC_WARN_UNUSED_VARIABLE = YES;
				IPHONEOS_DEPLOYMENT_TARGET = 13.2;
				MTL_ENABLE_DEBUG_INFO = INCLUDE_SOURCE;
				MTL_FAST_MATH = YES;
				ONLY_ACTIVE_ARCH = YES;
				SDKROOT = iphoneos;
				SWIFT_ACTIVE_COMPILATION_CONDITIONS = DEBUG;
				SWIFT_OPTIMIZATION_LEVEL = "-Onone";
			};
			name = Debug;
		};
		3C0FC8A9238247CD00055141 /* Release */ = {
			isa = XCBuildConfiguration;
			buildSettings = {
				ALWAYS_SEARCH_USER_PATHS = NO;
				CLANG_ANALYZER_NONNULL = YES;
				CLANG_ANALYZER_NUMBER_OBJECT_CONVERSION = YES_AGGRESSIVE;
				CLANG_CXX_LANGUAGE_STANDARD = "gnu++14";
				CLANG_CXX_LIBRARY = "libc++";
				CLANG_ENABLE_MODULES = YES;
				CLANG_ENABLE_OBJC_ARC = YES;
				CLANG_ENABLE_OBJC_WEAK = YES;
				CLANG_WARN_BLOCK_CAPTURE_AUTORELEASING = YES;
				CLANG_WARN_BOOL_CONVERSION = YES;
				CLANG_WARN_COMMA = YES;
				CLANG_WARN_CONSTANT_CONVERSION = YES;
				CLANG_WARN_DEPRECATED_OBJC_IMPLEMENTATIONS = YES;
				CLANG_WARN_DIRECT_OBJC_ISA_USAGE = YES_ERROR;
				CLANG_WARN_DOCUMENTATION_COMMENTS = YES;
				CLANG_WARN_EMPTY_BODY = YES;
				CLANG_WARN_ENUM_CONVERSION = YES;
				CLANG_WARN_INFINITE_RECURSION = YES;
				CLANG_WARN_INT_CONVERSION = YES;
				CLANG_WARN_NON_LITERAL_NULL_CONVERSION = YES;
				CLANG_WARN_OBJC_IMPLICIT_RETAIN_SELF = YES;
				CLANG_WARN_OBJC_LITERAL_CONVERSION = YES;
				CLANG_WARN_OBJC_ROOT_CLASS = YES_ERROR;
				CLANG_WARN_RANGE_LOOP_ANALYSIS = YES;
				CLANG_WARN_STRICT_PROTOTYPES = YES;
				CLANG_WARN_SUSPICIOUS_MOVE = YES;
				CLANG_WARN_UNGUARDED_AVAILABILITY = YES_AGGRESSIVE;
				CLANG_WARN_UNREACHABLE_CODE = YES;
				CLANG_WARN__DUPLICATE_METHOD_MATCH = YES;
				COPY_PHASE_STRIP = NO;
				DEBUG_INFORMATION_FORMAT = "dwarf-with-dsym";
				ENABLE_NS_ASSERTIONS = NO;
				ENABLE_STRICT_OBJC_MSGSEND = YES;
				GCC_C_LANGUAGE_STANDARD = gnu11;
				GCC_NO_COMMON_BLOCKS = YES;
				GCC_WARN_64_TO_32_BIT_CONVERSION = YES;
				GCC_WARN_ABOUT_RETURN_TYPE = YES_ERROR;
				GCC_WARN_UNDECLARED_SELECTOR = YES;
				GCC_WARN_UNINITIALIZED_AUTOS = YES_AGGRESSIVE;
				GCC_WARN_UNUSED_FUNCTION = YES;
				GCC_WARN_UNUSED_VARIABLE = YES;
				IPHONEOS_DEPLOYMENT_TARGET = 13.2;
				MTL_ENABLE_DEBUG_INFO = NO;
				MTL_FAST_MATH = YES;
				SDKROOT = iphoneos;
				SWIFT_COMPILATION_MODE = wholemodule;
				SWIFT_OPTIMIZATION_LEVEL = "-O";
				VALIDATE_PRODUCT = YES;
			};
			name = Release;
		};
		3C0FC8AB238247CD00055141 /* Debug */ = {
			isa = XCBuildConfiguration;
			buildSettings = {
				ALWAYS_EMBED_SWIFT_STANDARD_LIBRARIES = YES;
				ASSETCATALOG_COMPILER_APPICON_NAME = AppIcon;
				CODE_SIGN_ENTITLEMENTS = "Twinte/Twin:te.entitlements";
				CODE_SIGN_IDENTITY = "Apple Development";
				CODE_SIGN_STYLE = Automatic;
				DEVELOPMENT_TEAM = 48TCPC25C3;
				INFOPLIST_FILE = Twinte/Info.plist;
				IPHONEOS_DEPLOYMENT_TARGET = 11.0;
				LD_RUNPATH_SEARCH_PATHS = (
					"$(inherited)",
					"@executable_path/Frameworks",
				);
				MARKETING_VERSION = 1.3.1;
				PRODUCT_BUNDLE_IDENTIFIER = tako.Twinte;
				PRODUCT_NAME = "Twin:te";
				PROVISIONING_PROFILE_SPECIFIER = "";
				SWIFT_VERSION = 5.0;
				TARGETED_DEVICE_FAMILY = "1,2";
			};
			name = Debug;
		};
		3C0FC8AC238247CD00055141 /* Release */ = {
			isa = XCBuildConfiguration;
			buildSettings = {
				ALWAYS_EMBED_SWIFT_STANDARD_LIBRARIES = YES;
				ASSETCATALOG_COMPILER_APPICON_NAME = AppIcon;
				CODE_SIGN_ENTITLEMENTS = "Twinte/Twin:te.entitlements";
				CODE_SIGN_IDENTITY = "Apple Development";
				CODE_SIGN_STYLE = Automatic;
				DEVELOPMENT_TEAM = 48TCPC25C3;
				INFOPLIST_FILE = Twinte/Info.plist;
				IPHONEOS_DEPLOYMENT_TARGET = 11.0;
				LD_RUNPATH_SEARCH_PATHS = (
					"$(inherited)",
					"@executable_path/Frameworks",
				);
				MARKETING_VERSION = 1.3.1;
				PRODUCT_BUNDLE_IDENTIFIER = tako.Twinte;
				PRODUCT_NAME = "Twin:te";
				PROVISIONING_PROFILE_SPECIFIER = "";
				SWIFT_VERSION = 5.0;
				TARGETED_DEVICE_FAMILY = "1,2";
			};
			name = Release;
		};
		3C88956D23B71C79002557E0 /* Debug */ = {
			isa = XCBuildConfiguration;
			buildSettings = {
				CODE_SIGN_ENTITLEMENTS = todayTimeTable/todayTimeTable.entitlements;
				CODE_SIGN_IDENTITY = "Apple Development";
				CODE_SIGN_STYLE = Automatic;
				DEVELOPMENT_TEAM = 48TCPC25C3;
				INFOPLIST_FILE = todayTimeTable/Info.plist;
				IPHONEOS_DEPLOYMENT_TARGET = 11.0;
				LD_RUNPATH_SEARCH_PATHS = (
					"$(inherited)",
					"@executable_path/Frameworks",
					"@executable_path/../../Frameworks",
				);
				MARKETING_VERSION = 1.3.1;
				PRODUCT_BUNDLE_IDENTIFIER = tako.Twinte.todayTimeTable;
				PRODUCT_NAME = "$(TARGET_NAME)";
				SKIP_INSTALL = YES;
				SWIFT_VERSION = 5.0;
				TARGETED_DEVICE_FAMILY = "1,2";
			};
			name = Debug;
		};
		3C88956E23B71C79002557E0 /* Release */ = {
			isa = XCBuildConfiguration;
			buildSettings = {
				CODE_SIGN_ENTITLEMENTS = todayTimeTable/todayTimeTable.entitlements;
				CODE_SIGN_IDENTITY = "Apple Development";
				CODE_SIGN_STYLE = Automatic;
				DEVELOPMENT_TEAM = 48TCPC25C3;
				INFOPLIST_FILE = todayTimeTable/Info.plist;
				IPHONEOS_DEPLOYMENT_TARGET = 11.0;
				LD_RUNPATH_SEARCH_PATHS = (
					"$(inherited)",
					"@executable_path/Frameworks",
					"@executable_path/../../Frameworks",
				);
				MARKETING_VERSION = 1.3.1;
				PRODUCT_BUNDLE_IDENTIFIER = tako.Twinte.todayTimeTable;
				PRODUCT_NAME = "$(TARGET_NAME)";
				SKIP_INSTALL = YES;
				SWIFT_VERSION = 5.0;
				TARGETED_DEVICE_FAMILY = "1,2";
			};
			name = Release;
		};
/* End XCBuildConfiguration section */

/* Begin XCConfigurationList section */
		3C0FC891238247CC00055141 /* Build configuration list for PBXProject "Twinte" */ = {
			isa = XCConfigurationList;
			buildConfigurations = (
				3C0FC8A8238247CD00055141 /* Debug */,
				3C0FC8A9238247CD00055141 /* Release */,
			);
			defaultConfigurationIsVisible = 0;
			defaultConfigurationName = Release;
		};
		3C0FC8AA238247CD00055141 /* Build configuration list for PBXNativeTarget "Twinte" */ = {
			isa = XCConfigurationList;
			buildConfigurations = (
				3C0FC8AB238247CD00055141 /* Debug */,
				3C0FC8AC238247CD00055141 /* Release */,
			);
			defaultConfigurationIsVisible = 0;
			defaultConfigurationName = Release;
		};
		3C88956F23B71C79002557E0 /* Build configuration list for PBXNativeTarget "todayTimeTable" */ = {
			isa = XCConfigurationList;
			buildConfigurations = (
				3C88956D23B71C79002557E0 /* Debug */,
				3C88956E23B71C79002557E0 /* Release */,
			);
			defaultConfigurationIsVisible = 0;
			defaultConfigurationName = Release;
		};
/* End XCConfigurationList section */
	};
	rootObject = 3C0FC88E238247CC00055141 /* Project object */;
}
